<?xml version="1.0" encoding="UTF-8" standalone="yes" ?>
<CodeBlocks_project_file>
	<FileVersion major="1" minor="6" />
	<Project>
		<Option title="Evolve" />
		<Option pch_mode="2" />
		<Option compiler="gcc" />
		<Build>
			<Target title="Debug">
				<Option output="bin/Debug/Evolve" prefix_auto="1" extension_auto="1" />
				<Option object_output="obj/Debug/" />
				<Option type="1" />
				<Option compiler="gcc" />
				<Compiler>
					<Add option="-std=c++11" />
					<Add option="-g" />
					<Add directory="include/Organism" />
				</Compiler>
			</Target>
			<Target title="Release">
				<Option output="bin/Release/Evolve" prefix_auto="1" extension_auto="1" />
				<Option object_output="obj/Release/" />
				<Option type="0" />
				<Option compiler="gcc" />
				<Compiler>
					<Add option="-O2" />
					<Add directory="include/Organism" />
				</Compiler>
				<Linker>
					<Add option="-s" />
				</Linker>
			</Target>
		</Build>
		<Compiler>
			<Add option="-Wall" />
			<Add directory="C:/Development/SFML-2.1/include" />
			<Add directory="/home/russ/dev/lib/Box2D_v2.3.0/Box2D" />
			<Add directory="include" />
			<Add directory="include/Physics" />
			<Add directory="include/Timing" />
			<Add directory="include/Debug" />
			<Add directory="include/Render" />
			<Add directory="include/Entity" />
			<Add directory="include/Organism" />
		</Compiler>
		<Linker>
			<Add library="sfml-graphics" />
			<Add library="sfml-window" />
			<Add library="sfml-system" />
			<Add library="/home/russ/dev/lib/Box2D_v2.3.0/Box2D/Build/codeblocks/Box2D/libBox2D.a" />
			<Add directory="C:/Development/SFML-2.1/lib" />
			<Add directory="/home/russ/dev/lib/Box2D_v2.3.0/Box2D/Build/codeblocks/Box2D" />
		</Linker>
		<Unit filename="include/Debug/DebugInfo.h" />
		<Unit filename="include/Entity/Entity.h" />
		<Unit filename="include/Game.h" />
		<Unit filename="include/Organism/Bodypart.h" />
		<Unit filename="include/Organism/Organism.h" />
		<Unit filename="include/Render/RenderMath.h" />
		<Unit filename="include/Render/Scene.h" />
		<Unit filename="include/Render/SceneNode.h" />
		<Unit filename="include/Timing/Timestep.h" />
		<Unit filename="main.cpp" />
		<Unit filename="resource.h" />
		<Unit filename="src/Debug/DebugInfo.cpp" />
		<Unit filename="src/Game.cpp" />
		<Unit filename="src/Organism/Bodypart.cpp" />
		<Unit filename="src/Organism/Organism.cpp" />
		<Unit filename="src/Render/RenderMath.cpp" />
		<Unit filename="src/Render/Scene.cpp" />
		<Unit filename="src/Render/SceneNode.cpp" />
		<Unit filename="src/Timing/Timestep.cpp" />
		<Extensions>
			<envvars />
			<code_completion />
			<debugger />
		</Extensions>
	</Project>
</CodeBlocks_project_file>
